// !$*UTF8*$!
{
	archiveVersion = 1;
	classes = {
	};
	objectVersion = 46;
	objects = {

/* Begin PBXBuildFile section */
		3701826A1DA903AB006C3A4F /* Helpers.framework in Frameworks */ = {isa = PBXBuildFile; fileRef = 370182691DA903A2006C3A4F /* Helpers.framework */; };
		3701826B1DA903AF006C3A4F /* JSONSchema.framework in Frameworks */ = {isa = PBXBuildFile; fileRef = 370182611DA90399006C3A4F /* JSONSchema.framework */; };
		371770491D8B067D0027C322 /* URLTransaction.h in Headers */ = {isa = PBXBuildFile; fileRef = 371770471D8B067D0027C322 /* URLTransaction.h */; settings = {ATTRIBUTES = (Public, ); }; };
		3717704A1D8B067D0027C322 /* URLTransaction.m in Sources */ = {isa = PBXBuildFile; fileRef = 371770481D8B067D0027C322 /* URLTransaction.m */; };
		E71122041E24F90200CEF9A5 /* Reachability.h in Headers */ = {isa = PBXBuildFile; fileRef = E71122021E24F90200CEF9A5 /* Reachability.h */; settings = {ATTRIBUTES = (Public, ); }; };
		E71122051E24F90200CEF9A5 /* Reachability.m in Sources */ = {isa = PBXBuildFile; fileRef = E71122031E24F90200CEF9A5 /* Reachability.m */; };
		E77FC7AA1E27810C00115C1F /* Cache.h in Headers */ = {isa = PBXBuildFile; fileRef = E77FC7A81E27810C00115C1F /* Cache.h */; settings = {ATTRIBUTES = (Public, ); }; };
		E77FC7AB1E27810C00115C1F /* Cache.m in Sources */ = {isa = PBXBuildFile; fileRef = E77FC7A91E27810C00115C1F /* Cache.m */; };
/* End PBXBuildFile section */

/* Begin PBXContainerItemProxy section */
		370182601DA90399006C3A4F /* PBXContainerItemProxy */ = {
			isa = PBXContainerItemProxy;
			containerPortal = 3701825A1DA90399006C3A4F /* Framework.xcodeproj */;
			proxyType = 2;
			remoteGlobalIDString = 37EEF8961D9AD15800AC52B6;
			remoteInfo = JSONSchema;
		};
		370182621DA90399006C3A4F /* PBXContainerItemProxy */ = {
			isa = PBXContainerItemProxy;
			containerPortal = 3701825A1DA90399006C3A4F /* Framework.xcodeproj */;
			proxyType = 2;
			remoteGlobalIDString = 37EEF8E71D9D4C9C00AC52B6;
			remoteInfo = JSONSchemaTests;
		};
		370182681DA903A2006C3A4F /* PBXContainerItemProxy */ = {
			isa = PBXContainerItemProxy;
			containerPortal = 370182641DA903A1006C3A4F /* Framework.xcodeproj */;
			proxyType = 2;
			remoteGlobalIDString = 3743921C1D91EED7005E1075;
			remoteInfo = Helpers;
		};
/* End PBXContainerItemProxy section */

/* Begin PBXFileReference section */
		3701825A1DA90399006C3A4F /* Framework.xcodeproj */ = {isa = PBXFileReference; lastKnownFileType = "wrapper.pb-project"; name = Framework.xcodeproj; path = ../../JSONSchema/Framework/Framework.xcodeproj; sourceTree = "<group>"; };
		370182641DA903A1006C3A4F /* Framework.xcodeproj */ = {isa = PBXFileReference; lastKnownFileType = "wrapper.pb-project"; name = Framework.xcodeproj; path = ../../Helpers/Framework/Framework.xcodeproj; sourceTree = "<group>"; };
		3717703C1D8B05BB0027C322 /* URLTransaction.framework */ = {isa = PBXFileReference; explicitFileType = wrapper.framework; includeInIndex = 0; path = URLTransaction.framework; sourceTree = BUILT_PRODUCTS_DIR; };
		371770401D8B05BB0027C322 /* Info.plist */ = {isa = PBXFileReference; lastKnownFileType = text.plist.xml; path = Info.plist; sourceTree = "<group>"; };
		371770471D8B067D0027C322 /* URLTransaction.h */ = {isa = PBXFileReference; fileEncoding = 4; lastKnownFileType = sourcecode.c.h; path = URLTransaction.h; sourceTree = "<group>"; };
		371770481D8B067D0027C322 /* URLTransaction.m */ = {isa = PBXFileReference; fileEncoding = 4; lastKnownFileType = sourcecode.c.objc; path = URLTransaction.m; sourceTree = "<group>"; };
		E71122021E24F90200CEF9A5 /* Reachability.h */ = {isa = PBXFileReference; fileEncoding = 4; lastKnownFileType = sourcecode.c.h; path = Reachability.h; sourceTree = "<group>"; };
		E71122031E24F90200CEF9A5 /* Reachability.m */ = {isa = PBXFileReference; fileEncoding = 4; lastKnownFileType = sourcecode.c.objc; path = Reachability.m; sourceTree = "<group>"; };
		E77FC7A81E27810C00115C1F /* Cache.h */ = {isa = PBXFileReference; fileEncoding = 4; lastKnownFileType = sourcecode.c.h; path = Cache.h; sourceTree = "<group>"; };
		E77FC7A91E27810C00115C1F /* Cache.m */ = {isa = PBXFileReference; fileEncoding = 4; lastKnownFileType = sourcecode.c.objc; path = Cache.m; sourceTree = "<group>"; };
/* End PBXFileReference section */

/* Begin PBXFrameworksBuildPhase section */
		371770381D8B05BB0027C322 /* Frameworks */ = {
			isa = PBXFrameworksBuildPhase;
			buildActionMask = 2147483647;
			files = (
				3701826B1DA903AF006C3A4F /* JSONSchema.framework in Frameworks */,
				3701826A1DA903AB006C3A4F /* Helpers.framework in Frameworks */,
			);
			runOnlyForDeploymentPostprocessing = 0;
		};
/* End PBXFrameworksBuildPhase section */

/* Begin PBXGroup section */
		3701824D1DA90365006C3A4F /* Frameworks */ = {
			isa = PBXGroup;
			children = (
				3701824E1DA90365006C3A4F /* Helpers */,
				3701824F1DA90365006C3A4F /* JSONSchema */,
			);
			path = Frameworks;
			sourceTree = "<group>";
		};
		3701824E1DA90365006C3A4F /* Helpers */ = {
			isa = PBXGroup;
			children = (
				370182641DA903A1006C3A4F /* Framework.xcodeproj */,
			);
			path = Helpers;
			sourceTree = "<group>";
		};
		3701824F1DA90365006C3A4F /* JSONSchema */ = {
			isa = PBXGroup;
			children = (
				3701825A1DA90399006C3A4F /* Framework.xcodeproj */,
			);
			path = JSONSchema;
			sourceTree = "<group>";
		};
		3701825B1DA90399006C3A4F /* Products */ = {
			isa = PBXGroup;
			children = (
				370182611DA90399006C3A4F /* JSONSchema.framework */,
				370182631DA90399006C3A4F /* JSONSchemaTests.xctest */,
			);
			name = Products;
			sourceTree = "<group>";
		};
		370182651DA903A1006C3A4F /* Products */ = {
			isa = PBXGroup;
			children = (
				370182691DA903A2006C3A4F /* Helpers.framework */,
			);
			name = Products;
			sourceTree = "<group>";
		};
		371770321D8B05BB0027C322 = {
			isa = PBXGroup;
			children = (
				3701824D1DA90365006C3A4F /* Frameworks */,
				3717703E1D8B05BB0027C322 /* Framework */,
				3717703D1D8B05BB0027C322 /* Products */,
			);
			sourceTree = "<group>";
		};
		3717703D1D8B05BB0027C322 /* Products */ = {
			isa = PBXGroup;
			children = (
				3717703C1D8B05BB0027C322 /* URLTransaction.framework */,
			);
			name = Products;
			sourceTree = "<group>";
		};
		3717703E1D8B05BB0027C322 /* Framework */ = {
			isa = PBXGroup;
			children = (
				371770471D8B067D0027C322 /* URLTransaction.h */,
				371770481D8B067D0027C322 /* URLTransaction.m */,
				E71122021E24F90200CEF9A5 /* Reachability.h */,
				E71122031E24F90200CEF9A5 /* Reachability.m */,
				E77FC7A81E27810C00115C1F /* Cache.h */,
				E77FC7A91E27810C00115C1F /* Cache.m */,
				371770401D8B05BB0027C322 /* Info.plist */,
			);
			path = Framework;
			sourceTree = "<group>";
		};
/* End PBXGroup section */

/* Begin PBXHeadersBuildPhase section */
		371770391D8B05BB0027C322 /* Headers */ = {
			isa = PBXHeadersBuildPhase;
			buildActionMask = 2147483647;
			files = (
				E77FC7AA1E27810C00115C1F /* Cache.h in Headers */,
				371770491D8B067D0027C322 /* URLTransaction.h in Headers */,
				E71122041E24F90200CEF9A5 /* Reachability.h in Headers */,
			);
			runOnlyForDeploymentPostprocessing = 0;
		};
/* End PBXHeadersBuildPhase section */

/* Begin PBXNativeTarget section */
		3717703B1D8B05BB0027C322 /* URLTransaction */ = {
			isa = PBXNativeTarget;
			buildConfigurationList = 371770441D8B05BB0027C322 /* Build configuration list for PBXNativeTarget "URLTransaction" */;
			buildPhases = (
				371770371D8B05BB0027C322 /* Sources */,
				371770381D8B05BB0027C322 /* Frameworks */,
				371770391D8B05BB0027C322 /* Headers */,
				3717703A1D8B05BB0027C322 /* Resources */,
			);
			buildRules = (
			);
			dependencies = (
			);
			name = URLTransaction;
			productName = Framework;
			productReference = 3717703C1D8B05BB0027C322 /* URLTransaction.framework */;
			productType = "com.apple.product-type.framework";
		};
/* End PBXNativeTarget section */

/* Begin PBXProject section */
		371770331D8B05BB0027C322 /* Project object */ = {
			isa = PBXProject;
			attributes = {
				LastUpgradeCheck = 0800;
				ORGANIZATIONNAME = "Dan Kalinin";
				TargetAttributes = {
					3717703B1D8B05BB0027C322 = {
						CreatedOnToolsVersion = 8.0;
						ProvisioningStyle = Automatic;
					};
				};
			};
			buildConfigurationList = 371770361D8B05BB0027C322 /* Build configuration list for PBXProject "Framework" */;
			compatibilityVersion = "Xcode 3.2";
			developmentRegion = English;
			hasScannedForEncodings = 0;
			knownRegions = (
				en,
			);
			mainGroup = 371770321D8B05BB0027C322;
			productRefGroup = 3717703D1D8B05BB0027C322 /* Products */;
			projectDirPath = "";
			projectReferences = (
				{
					ProductGroup = 370182651DA903A1006C3A4F /* Products */;
					ProjectRef = 370182641DA903A1006C3A4F /* Framework.xcodeproj */;
				},
				{
					ProductGroup = 3701825B1DA90399006C3A4F /* Products */;
					ProjectRef = 3701825A1DA90399006C3A4F /* Framework.xcodeproj */;
				},
			);
			projectRoot = "";
			targets = (
				3717703B1D8B05BB0027C322 /* URLTransaction */,
			);
		};
/* End PBXProject section */

/* Begin PBXReferenceProxy section */
		370182611DA90399006C3A4F /* JSONSchema.framework */ = {
			isa = PBXReferenceProxy;
			fileType = wrapper.framework;
			path = JSONSchema.framework;
			remoteRef = 370182601DA90399006C3A4F /* PBXContainerItemProxy */;
			sourceTree = BUILT_PRODUCTS_DIR;
		};
		370182631DA90399006C3A4F /* JSONSchemaTests.xctest */ = {
			isa = PBXReferenceProxy;
			fileType = wrapper.cfbundle;
			path = JSONSchemaTests.xctest;
			remoteRef = 370182621DA90399006C3A4F /* PBXContainerItemProxy */;
			sourceTree = BUILT_PRODUCTS_DIR;
		};
		370182691DA903A2006C3A4F /* Helpers.framework */ = {
			isa = PBXReferenceProxy;
			fileType = wrapper.framework;
			path = Helpers.framework;
			remoteRef = 370182681DA903A2006C3A4F /* PBXContainerItemProxy */;
			sourceTree = BUILT_PRODUCTS_DIR;
		};
/* End PBXReferenceProxy section */

/* Begin PBXResourcesBuildPhase section */
		3717703A1D8B05BB0027C322 /* Resources */ = {
			isa = PBXResourcesBuildPhase;
			buildActionMask = 2147483647;
			files = (
			);
			runOnlyForDeploymentPostprocessing = 0;
		};
/* End PBXResourcesBuildPhase section */

/* Begin PBXSourcesBuildPhase section */
		371770371D8B05BB0027C322 /* Sources */ = {
			isa = PBXSourcesBuildPhase;
			buildActionMask = 2147483647;
			files = (
				E77FC7AB1E27810C00115C1F /* Cache.m in Sources */,
				E71122051E24F90200CEF9A5 /* Reachability.m in Sources */,
				3717704A1D8B067D0027C322 /* URLTransaction.m in Sources */,
			);
			runOnlyForDeploymentPostprocessing = 0;
		};
/* End PBXSourcesBuildPhase section */

/* Begin XCBuildConfiguration section */
		371770421D8B05BB0027C322 /* Debug */ = {
			isa = XCBuildConfiguration;
			buildSettings = {
				ALWAYS_SEARCH_USER_PATHS = NO;
				CLANG_ANALYZER_NONNULL = YES;
				CLANG_CXX_LANGUAGE_STANDARD = "gnu++0x";
				CLANG_CXX_LIBRARY = "libc++";
				CLANG_ENABLE_MODULES = YES;
				CLANG_ENABLE_OBJC_ARC = YES;
				CLANG_WARN_BOOL_CONVERSION = YES;
				CLANG_WARN_CONSTANT_CONVERSION = YES;
				CLANG_WARN_DIRECT_OBJC_ISA_USAGE = YES_ERROR;
				CLANG_WARN_DOCUMENTATION_COMMENTS = YES;
				CLANG_WARN_EMPTY_BODY = YES;
				CLANG_WARN_ENUM_CONVERSION = YES;
				CLANG_WARN_INFINITE_RECURSION = YES;
				CLANG_WARN_INT_CONVERSION = YES;
				CLANG_WARN_OBJC_ROOT_CLASS = YES_ERROR;
				CLANG_WARN_SUSPICIOUS_MOVES = YES;
				CLANG_WARN_UNREACHABLE_CODE = YES;
				CLANG_WARN__DUPLICATE_METHOD_MATCH = YES;
				"CODE_SIGN_IDENTITY[sdk=iphoneos*]" = "iPhone Developer";
				COPY_PHASE_STRIP = NO;
				CURRENT_PROJECT_VERSION = 1;
				DEBUG_INFORMATION_FORMAT = dwarf;
				ENABLE_STRICT_OBJC_MSGSEND = YES;
				ENABLE_TESTABILITY = YES;
				GCC_C_LANGUAGE_STANDARD = gnu99;
				GCC_DYNAMIC_NO_PIC = NO;
				GCC_NO_COMMON_BLOCKS = YES;
				GCC_OPTIMIZATION_LEVEL = 0;
				GCC_PREPROCESSOR_DEFINITIONS = (
					"DEBUG=1",
					"$(inherited)",
				);
				GCC_WARN_64_TO_32_BIT_CONVERSION = YES;
				GCC_WARN_ABOUT_RETURN_TYPE = YES_ERROR;
				GCC_WARN_UNDECLARED_SELECTOR = YES;
				GCC_WARN_UNINITIALIZED_AUTOS = YES_AGGRESSIVE;
				GCC_WARN_UNUSED_FUNCTION = YES;
				GCC_WARN_UNUSED_VARIABLE = YES;
				IPHONEOS_DEPLOYMENT_TARGET = 9.0;
				MTL_ENABLE_DEBUG_INFO = YES;
				ONLY_ACTIVE_ARCH = YES;
				SDKROOT = iphoneos;
				TARGETED_DEVICE_FAMILY = "1,2";
				VERSIONING_SYSTEM = "apple-generic";
				VERSION_INFO_PREFIX = "";
			};
			name = Debug;
		};
		371770431D8B05BB0027C322 /* Release */ = {
			isa = XCBuildConfiguration;
			buildSettings = {
				ALWAYS_SEARCH_USER_PATHS = NO;
				CLANG_ANALYZER_NONNULL = YES;
				CLANG_CXX_LANGUAGE_STANDARD = "gnu++0x";
				CLANG_CXX_LIBRARY = "libc++";
				CLANG_ENABLE_MODULES = YES;
				CLANG_ENABLE_OBJC_ARC = YES;
				CLANG_WARN_BOOL_CONVERSION = YES;
				CLANG_WARN_CONSTANT_CONVERSION = YES;
				CLANG_WARN_DIRECT_OBJC_ISA_USAGE = YES_ERROR;
				CLANG_WARN_DOCUMENTATION_COMMENTS = YES;
				CLANG_WARN_EMPTY_BODY = YES;
				CLANG_WARN_ENUM_CONVERSION = YES;
				CLANG_WARN_INFINITE_RECURSION = YES;
				CLANG_WARN_INT_CONVERSION = YES;
				CLANG_WARN_OBJC_ROOT_CLASS = YES_ERROR;
				CLANG_WARN_SUSPICIOUS_MOVES = YES;
				CLANG_WARN_UNREACHABLE_CODE = YES;
				CLANG_WARN__DUPLICATE_METHOD_MATCH = YES;
				"CODE_SIGN_IDENTITY[sdk=iphoneos*]" = "iPhone Developer";
				COPY_PHASE_STRIP = NO;
				CURRENT_PROJECT_VERSION = 1;
				DEBUG_INFORMATION_FORMAT = "dwarf-with-dsym";
				ENABLE_NS_ASSERTIONS = NO;
				ENABLE_STRICT_OBJC_MSGSEND = YES;
				GCC_C_LANGUAGE_STANDARD = gnu99;
				GCC_NO_COMMON_BLOCKS = YES;
				GCC_WARN_64_TO_32_BIT_CONVERSION = YES;
				GCC_WARN_ABOUT_RETURN_TYPE = YES_ERROR;
				GCC_WARN_UNDECLARED_SELECTOR = YES;
				GCC_WARN_UNINITIALIZED_AUTOS = YES_AGGRESSIVE;
				GCC_WARN_UNUSED_FUNCTION = YES;
				GCC_WARN_UNUSED_VARIABLE = YES;
				IPHONEOS_DEPLOYMENT_TARGET = 9.0;
				MTL_ENABLE_DEBUG_INFO = NO;
				SDKROOT = iphoneos;
				TARGETED_DEVICE_FAMILY = "1,2";
				VALIDATE_PRODUCT = YES;
				VERSIONING_SYSTEM = "apple-generic";
				VERSION_INFO_PREFIX = "";
			};
			name = Release;
		};
		371770451D8B05BB0027C322 /* Debug */ = {
			isa = XCBuildConfiguration;
			buildSettings = {
				CODE_SIGN_IDENTITY = "";
				DEFINES_MODULE = YES;
				DYLIB_COMPATIBILITY_VERSION = 1;
				DYLIB_CURRENT_VERSION = 1;
				DYLIB_INSTALL_NAME_BASE = "@rpath";
				INFOPLIST_FILE = Framework/Info.plist;
				INSTALL_PATH = "$(LOCAL_LIBRARY_DIR)/Frameworks";
				LD_RUNPATH_SEARCH_PATHS = "$(inherited) @executable_path/Frameworks @loader_path/Frameworks";
				PRODUCT_BUNDLE_IDENTIFIER = com.dk.URLTransaction;
				PRODUCT_NAME = "$(TARGET_NAME)";
				SKIP_INSTALL = YES;
			};
			name = Debug;
		};
		371770461D8B05BB0027C322 /* Release */ = {
			isa = XCBuildConfiguration;
			buildSettings = {
				CODE_SIGN_IDENTITY = "";
				DEFINES_MODULE = YES;
				DYLIB_COMPATIBILITY_VERSION = 1;
				DYLIB_CURRENT_VERSION = 1;
				DYLIB_INSTALL_NAME_BASE = "@rpath";
				INFOPLIST_FILE = Framework/Info.plist;
				INSTALL_PATH = "$(LOCAL_LIBRARY_DIR)/Frameworks";
				LD_RUNPATH_SEARCH_PATHS = "$(inherited) @executable_path/Frameworks @loader_path/Frameworks";
				PRODUCT_BUNDLE_IDENTIFIER = com.dk.URLTransaction;
				PRODUCT_NAME = "$(TARGET_NAME)";
				SKIP_INSTALL = YES;
			};
			name = Release;
		};
/* End XCBuildConfiguration section */

/* Begin XCConfigurationList section */
		371770361D8B05BB0027C322 /* Build configuration list for PBXProject "Framework" */ = {
			isa = XCConfigurationList;
			buildConfigurations = (
				371770421D8B05BB0027C322 /* Debug */,
				371770431D8B05BB0027C322 /* Release */,
			);
			defaultConfigurationIsVisible = 0;
			defaultConfigurationName = Release;
		};
		371770441D8B05BB0027C322 /* Build configuration list for PBXNativeTarget "URLTransaction" */ = {
			isa = XCConfigurationList;
			buildConfigurations = (
				371770451D8B05BB0027C322 /* Debug */,
				371770461D8B05BB0027C322 /* Release */,
			);
			defaultConfigurationIsVisible = 0;
			defaultConfigurationName = Release;
		};
/* End XCConfigurationList section */
	};
	rootObject = 371770331D8B05BB0027C322 /* Project object */;
}
